
Microsoft Visual Studio Solution File, Format Version 12.00
# Visual Studio Version 16
VisualStudioVersion = 16.0.30002.166
MinimumVisualStudioVersion = 10.0.40219.1
Project("{FAE04EC0-301F-11D3-BF4B-00C04F79EFBC}") = "JenkinProject", "JenkinProject.csproj", "{40CFF8AF-3ED3-4B0D-BD26-B796EF6F9539}"
EndProject
Global
	GlobalSection(SolutionConfigurationPlatforms) = preSolution
		Debug|Any CPU = Debug|Any CPU
		Release|Any CPU = Release|Any CPU
	EndGlobalSection
	GlobalSection(ProjectConfigurationPlatforms) = postSolution
		{40CFF8AF-3ED3-4B0D-BD26-B796EF6F9539}.Debug|Any CPU.ActiveCfg = Debug|Any CPU
		{40CFF8AF-3ED3-4B0D-BD26-B796EF6F9539}.Debug|Any CPU.Build.0 = Debug|Any CPU
		{40CFF8AF-3ED3-4B0D-BD26-B796EF6F9539}.Release|Any CPU.ActiveCfg = Release|Any CPU
		{40CFF8AF-3ED3-4B0D-BD26-B796EF6F9539}.Release|Any CPU.Build.0 = Release|Any CPU
	EndGlobalSection
	GlobalSection(SolutionProperties) = preSolution
		HideSolutionNode = FALSE
	EndGlobalSection
	GlobalSection(ExtensibilityGlobals) = postSolution
		SolutionGuid = {3F45FDA1-885D-41E6-9FC6-7E481655AE82}
	EndGlobalSection
EndGlobal
